
Microsoft Visual Studio Solution File, Format Version 12.00
# Visual Studio Version 16
VisualStudioVersion = 16.0.30320.27
MinimumVisualStudioVersion = 10.0.40219.1
Project("{9A19103F-16F7-4668-BE54-9A1E7A4F7556}") = "InfoInkasServiceAPI", "InfoInkasServiceAPI\InfoInkasServiceAPI.csproj", "{E585CA66-BFD2-4881-AEB0-1F79F283A5A8}"
EndProject
Project("{9A19103F-16F7-4668-BE54-9A1E7A4F7556}") = "Core", "Core\Core.csproj", "{A2819235-173F-428B-9B9F-B68465D3CC7F}"
EndProject
Project("{9A19103F-16F7-4668-BE54-9A1E7A4F7556}") = "OracleDB", "OracleDB\OracleDB.csproj", "{01D0225B-65A9-448F-B101-FEF71B247720}"
EndProject
Global
	GlobalSection(SolutionConfigurationPlatforms) = preSolution
		Debug|Any CPU = Debug|Any CPU
		Release|Any CPU = Release|Any CPU
	EndGlobalSection
	GlobalSection(ProjectConfigurationPlatforms) = postSolution
		{E585CA66-BFD2-4881-AEB0-1F79F283A5A8}.Debug|Any CPU.ActiveCfg = Debug|Any CPU
		{E585CA66-BFD2-4881-AEB0-1F79F283A5A8}.Debug|Any CPU.Build.0 = Debug|Any CPU
		{E585CA66-BFD2-4881-AEB0-1F79F283A5A8}.Release|Any CPU.ActiveCfg = Release|Any CPU
		{E585CA66-BFD2-4881-AEB0-1F79F283A5A8}.Release|Any CPU.Build.0 = Release|Any CPU
		{A2819235-173F-428B-9B9F-B68465D3CC7F}.Debug|Any CPU.ActiveCfg = Debug|Any CPU
		{A2819235-173F-428B-9B9F-B68465D3CC7F}.Debug|Any CPU.Build.0 = Debug|Any CPU
		{A2819235-173F-428B-9B9F-B68465D3CC7F}.Release|Any CPU.ActiveCfg = Release|Any CPU
		{A2819235-173F-428B-9B9F-B68465D3CC7F}.Release|Any CPU.Build.0 = Release|Any CPU
		{01D0225B-65A9-448F-B101-FEF71B247720}.Debug|Any CPU.ActiveCfg = Debug|Any CPU
		{01D0225B-65A9-448F-B101-FEF71B247720}.Debug|Any CPU.Build.0 = Debug|Any CPU
		{01D0225B-65A9-448F-B101-FEF71B247720}.Release|Any CPU.ActiveCfg = Release|Any CPU
		{01D0225B-65A9-448F-B101-FEF71B247720}.Release|Any CPU.Build.0 = Release|Any CPU
	EndGlobalSection
	GlobalSection(SolutionProperties) = preSolution
		HideSolutionNode = FALSE
	EndGlobalSection
	GlobalSection(ExtensibilityGlobals) = postSolution
		SolutionGuid = {2282D74D-86D7-4F7B-9044-867E8C55FE90}
	EndGlobalSection
EndGlobal
